
Microsoft Visual Studio Solution File, Format Version 12.00
# Visual Studio Version 17
VisualStudioVersion = 17.13.35825.156 d17.13
MinimumVisualStudioVersion = 10.0.40219.1
Project("{FAE04EC0-301F-11D3-BF4B-00C04F79EFBC}") = "MauiAppTempoAgora", "MauiAppTempoAgora\MauiAppTempoAgora.csproj", "{A48398A2-D0EF-43C3-A3C8-76D3EA3F897C}"
EndProject
Global
	GlobalSection(SolutionConfigurationPlatforms) = preSolution
		Debug|Any CPU = Debug|Any CPU
		Release|Any CPU = Release|Any CPU
	EndGlobalSection
	GlobalSection(ProjectConfigurationPlatforms) = postSolution
		{A48398A2-D0EF-43C3-A3C8-76D3EA3F897C}.Debug|Any CPU.ActiveCfg = Debug|Any CPU
		{A48398A2-D0EF-43C3-A3C8-76D3EA3F897C}.Debug|Any CPU.Build.0 = Debug|Any CPU
		{A48398A2-D0EF-43C3-A3C8-76D3EA3F897C}.Debug|Any CPU.Deploy.0 = Debug|Any CPU
		{A48398A2-D0EF-43C3-A3C8-76D3EA3F897C}.Release|Any CPU.ActiveCfg = Release|Any CPU
		{A48398A2-D0EF-43C3-A3C8-76D3EA3F897C}.Release|Any CPU.Build.0 = Release|Any CPU
		{A48398A2-D0EF-43C3-A3C8-76D3EA3F897C}.Release|Any CPU.Deploy.0 = Release|Any CPU
	EndGlobalSection
	GlobalSection(SolutionProperties) = preSolution
		HideSolutionNode = FALSE
	EndGlobalSection
	GlobalSection(ExtensibilityGlobals) = postSolution
		SolutionGuid = {3E2A519D-E985-4C74-B329-A223CD009719}
	EndGlobalSection
EndGlobal
